
Microsoft Visual Studio Solution File, Format Version 12.00
# Visual Studio Version 17
VisualStudioVersion = 17.7.34221.43
MinimumVisualStudioVersion = 10.0.40219.1
Project("{FAE04EC0-301F-11D3-BF4B-00C04F79EFBC}") = "IuliaTiaStoian_ClassesWithLight", "IuliaTiaStoian_ClassesWithLight\IuliaTiaStoian_ClassesWithLight.csproj", "{E57DE646-22B9-4EE8-9C86-D98C0B77D97F}"
EndProject
Global
	GlobalSection(SolutionConfigurationPlatforms) = preSolution
		Debug|Any CPU = Debug|Any CPU
		Release|Any CPU = Release|Any CPU
	EndGlobalSection
	GlobalSection(ProjectConfigurationPlatforms) = postSolution
		{E57DE646-22B9-4EE8-9C86-D98C0B77D97F}.Debug|Any CPU.ActiveCfg = Debug|Any CPU
		{E57DE646-22B9-4EE8-9C86-D98C0B77D97F}.Debug|Any CPU.Build.0 = Debug|Any CPU
		{E57DE646-22B9-4EE8-9C86-D98C0B77D97F}.Release|Any CPU.ActiveCfg = Release|Any CPU
		{E57DE646-22B9-4EE8-9C86-D98C0B77D97F}.Release|Any CPU.Build.0 = Release|Any CPU
	EndGlobalSection
	GlobalSection(SolutionProperties) = preSolution
		HideSolutionNode = FALSE
	EndGlobalSection
	GlobalSection(ExtensibilityGlobals) = postSolution
		SolutionGuid = {5A3D3AA8-A479-4B55-B71C-ECA572C92900}
	EndGlobalSection
EndGlobal
