
Microsoft Visual Studio Solution File, Format Version 12.00
# Visual Studio Version 17
VisualStudioVersion = 17.7.34221.43
MinimumVisualStudioVersion = 10.0.40219.1
Project("{FAE04EC0-301F-11D3-BF4B-00C04F79EFBC}") = "IuliaTiaStoian_ROT3chiper", "IuliaTiaStoian_ROT3chiper\IuliaTiaStoian_ROT3chiper.csproj", "{E800C13C-BB46-454F-9B7C-828CCA3EC349}"
EndProject
Global
	GlobalSection(SolutionConfigurationPlatforms) = preSolution
		Debug|Any CPU = Debug|Any CPU
		Release|Any CPU = Release|Any CPU
	EndGlobalSection
	GlobalSection(ProjectConfigurationPlatforms) = postSolution
		{E800C13C-BB46-454F-9B7C-828CCA3EC349}.Debug|Any CPU.ActiveCfg = Debug|Any CPU
		{E800C13C-BB46-454F-9B7C-828CCA3EC349}.Debug|Any CPU.Build.0 = Debug|Any CPU
		{E800C13C-BB46-454F-9B7C-828CCA3EC349}.Release|Any CPU.ActiveCfg = Release|Any CPU
		{E800C13C-BB46-454F-9B7C-828CCA3EC349}.Release|Any CPU.Build.0 = Release|Any CPU
	EndGlobalSection
	GlobalSection(SolutionProperties) = preSolution
		HideSolutionNode = FALSE
	EndGlobalSection
	GlobalSection(ExtensibilityGlobals) = postSolution
		SolutionGuid = {D7E7BA64-DE17-402E-86F1-BA1DCF3788F3}
	EndGlobalSection
EndGlobal
